
Microsoft Visual Studio Solution File, Format Version 11.00
# Visual C# Express 2010
Project("{FAE04EC0-301F-11D3-BF4B-00C04F79EFBC}") = "1.TrollsGameCalculator", "1.TrollsGameCalculator\1.TrollsGameCalculator.csproj", "{94F61CA4-D1DA-4E3A-8677-FF45C1F6D581}"
EndProject
Project("{FAE04EC0-301F-11D3-BF4B-00C04F79EFBC}") = "2.TrollsBoardGenerator", "TrollsBoardGenerator\2.TrollsBoardGenerator.csproj", "{AA2A5DF8-0C57-4EB6-9316-DBE5DBDEE758}"
EndProject
Project("{FAE04EC0-301F-11D3-BF4B-00C04F79EFBC}") = "TrollsGameVisualizer", "TrollsGameVisualizer\TrollsGameVisualizer.csproj", "{6B1CD931-5F5E-462F-8F8D-1D09961197C1}"
EndProject
Global
	GlobalSection(SolutionConfigurationPlatforms) = preSolution
		Debug|x86 = Debug|x86
		Release|x86 = Release|x86
	EndGlobalSection
	GlobalSection(ProjectConfigurationPlatforms) = postSolution
		{94F61CA4-D1DA-4E3A-8677-FF45C1F6D581}.Debug|x86.ActiveCfg = Debug|x86
		{94F61CA4-D1DA-4E3A-8677-FF45C1F6D581}.Debug|x86.Build.0 = Debug|x86
		{94F61CA4-D1DA-4E3A-8677-FF45C1F6D581}.Release|x86.ActiveCfg = Release|x86
		{94F61CA4-D1DA-4E3A-8677-FF45C1F6D581}.Release|x86.Build.0 = Release|x86
		{AA2A5DF8-0C57-4EB6-9316-DBE5DBDEE758}.Debug|x86.ActiveCfg = Debug|x86
		{AA2A5DF8-0C57-4EB6-9316-DBE5DBDEE758}.Debug|x86.Build.0 = Debug|x86
		{AA2A5DF8-0C57-4EB6-9316-DBE5DBDEE758}.Release|x86.ActiveCfg = Release|x86
		{AA2A5DF8-0C57-4EB6-9316-DBE5DBDEE758}.Release|x86.Build.0 = Release|x86
		{6B1CD931-5F5E-462F-8F8D-1D09961197C1}.Debug|x86.ActiveCfg = Debug|x86
		{6B1CD931-5F5E-462F-8F8D-1D09961197C1}.Debug|x86.Build.0 = Debug|x86
		{6B1CD931-5F5E-462F-8F8D-1D09961197C1}.Release|x86.ActiveCfg = Release|x86
		{6B1CD931-5F5E-462F-8F8D-1D09961197C1}.Release|x86.Build.0 = Release|x86
	EndGlobalSection
	GlobalSection(SolutionProperties) = preSolution
		HideSolutionNode = FALSE
	EndGlobalSection
EndGlobal
